
Microsoft Visual Studio Solution File, Format Version 11.00
# Visual Studio 2010
Project("{FAE04EC0-301F-11D3-BF4B-00C04F79EFBC}") = "Tridion Razor Mediator", "Tridion Razor Mediator.csproj", "{BB2B2A7B-3E48-4B6D-AFEF-B9E851505BFD}"
EndProject
Global
	GlobalSection(SolutionConfigurationPlatforms) = preSolution
		Debug|Any CPU = Debug|Any CPU
		Release|Any CPU = Release|Any CPU
	EndGlobalSection
	GlobalSection(ProjectConfigurationPlatforms) = postSolution
		{BB2B2A7B-3E48-4B6D-AFEF-B9E851505BFD}.Debug|Any CPU.ActiveCfg = Debug|Any CPU
		{BB2B2A7B-3E48-4B6D-AFEF-B9E851505BFD}.Debug|Any CPU.Build.0 = Debug|Any CPU
		{BB2B2A7B-3E48-4B6D-AFEF-B9E851505BFD}.Release|Any CPU.ActiveCfg = Release|Any CPU
		{BB2B2A7B-3E48-4B6D-AFEF-B9E851505BFD}.Release|Any CPU.Build.0 = Release|Any CPU
	EndGlobalSection
	GlobalSection(SolutionProperties) = preSolution
		HideSolutionNode = FALSE
	EndGlobalSection
EndGlobal
